# source_ref|source_manifest_digest|runtime_ref|linux_amd64_image_id|runtime_fingerprint_sha256|conservative_budget_bytes
ghcr.io/tssai-lab/tssai-frontend:a4ae02142a9d4315fcbbdad413f6a4c8aa01dca8|sha256:7514390afa361985e88b7450b50cd5d65102294e1c5f7dd96f7881abda503b51|docker.io/library/tss-aiplatform-frontend:a4ae02142a9d|sha256:c5c4a99d346b49ef7c55ea7d2d0db3eb98680b542793e1a7b4d966163d4102bd|0db9c6fcfe532ba4262e0725cce00a03cb62f2d2eb87a3738ffcffaf427cf5ef|268435456
