# source_ref|source_manifest_digest|runtime_ref|linux_amd64_image_id|runtime_fingerprint_sha256|conservative_budget_bytes
ghcr.io/tssai-lab/tssai-frontend:a334f9e2e4ed6e11db29bcbda4aa83bd8e9db7fe|sha256:98e4d21e7e66764a58c28e0eb09b126b19a0f5ae4b503ac6bfbe384a393402cb|docker.io/library/tss-aiplatform-frontend:a334f9e2e4ed|sha256:718d6a553907c729bfb62afe6f837086ecb423f5695f740c377446b2f0f7bc56|da6f886bf211acbcd923ae0055a3db89be60e5d278820500f62d0de3716ba4cc|268435456
