# source_ref|source_manifest_digest|runtime_ref|linux_amd64_image_id|runtime_fingerprint_sha256|conservative_budget_bytes
ghcr.io/tssai-lab/tssai-frontend:fef26c446da7bf0bac9b2773617d645667b51410|sha256:367c7d4227b22e5c330be8b4429574a4a19d8798599585e478410fedbae4ef90|docker.io/library/tss-aiplatform-frontend:fef26c446da7|sha256:d3cf730632e8dba785b5c3a925c6f13a0690793921da6e9c4dc60bcbab9d2aa6|22a2f8a5ae6e488fcf7cdb2658bb677a7b247c5d66060f149504ab14fcfb0841|268435456
