# source_ref|project_ref|linux_amd64_image_id|unpacked_size_bytes
postgres:16|tss-aiplatform-internal/postgres:c482971e06a8|sha256:c482971e06a84ca61d677321488dee4034e8979c6311d72f065be07f4e886760|450894908
minio/minio:latest|tss-aiplatform-internal/minio:e31e0721a96b|sha256:e31e0721a96b4366c3a3b2352e29a8edada826a85adef236efad6e92a887502e|405985842
tss-platform-mlflow:local|tss-aiplatform-internal/mlflow-lite:4b0e235bfed4|sha256:4b0e235bfed4fc2e439e231b35defca3b400522a2e8ee9b9210047f2e6bcf8d6|124739375
ghcr.io/tssai-lab/tssai-backend:2e96544b18b700601c45e151408dd2df333a35f3|tss-aiplatform-internal/backend:2e96544b18b7|sha256:27ca3666a09824e3c8a7c90e6851bddf797b4ea3c7b2d2633cfecf4282ff735b|597230993
