# source_ref|source_manifest_digest|project_ref|linux_amd64_image_id|conservative_budget_bytes
postgres:16.13-trixie|sha256:5d143123fdf80462d1778cd4f24b9f7ca13c87174bca19141fb194c5a1ebca59|tss-aiplatform-internal/postgres:16.13-f7ebf09eb01b|sha256:f7ebf09eb01b02bb9904972705248217baeaed03e2a0a7ed24a77740b0aee98c|536870912
minio/minio|sha256:d786220feef7d8fe0239d41b5d74501dc824f6e7dd0e5a05749c502fff225bf3|tss-aiplatform-internal/minio:release-20220104-e31e0721a96b|sha256:e31e0721a96b4366c3a3b2352e29a8edada826a85adef236efad6e92a887502e|536870912
ghcr.io/tssai-lab/tss-mlflow-lite:2e96544b18b700601c45e151408dd2df333a35f3|sha256:4f8705c847be86a8c3b98a39b32a857cadb1e1c6c20e9d99920d4d3ab099c9a3|tss-aiplatform-internal/mlflow-lite:2e96544b-ced0a4d72541|sha256:ced0a4d72541db8114f403087b67cc2f6d5cae546c20cb0554d7e58259cd0b36|268435456
ghcr.io/tssai-lab/tssai-backend:2e96544b18b700601c45e151408dd2df333a35f3|sha256:a9d9cad91ea84124edebaf95a48d0b395b3346e2b28f790071c91577f80a45c2|tss-aiplatform-internal/backend:2e96544b-27ca3666a098|sha256:27ca3666a09824e3c8a7c90e6851bddf797b4ea3c7b2d2633cfecf4282ff735b|734003200
