# source_ref|source_manifest_digest|project_ref|linux_amd64_image_id|runtime_fingerprint_sha256|conservative_budget_bytes
postgres:16.13-trixie|sha256:5d143123fdf80462d1778cd4f24b9f7ca13c87174bca19141fb194c5a1ebca59|tss-aiplatform-internal/postgres:16.13-f7ebf09eb01b|sha256:f7ebf09eb01b02bb9904972705248217baeaed03e2a0a7ed24a77740b0aee98c|e5898ef56067dab1c8e1b4fb9c7e70b2f08dd86e380f2bb1f0d2be3d2189e776|536870912
minio/minio|sha256:d786220feef7d8fe0239d41b5d74501dc824f6e7dd0e5a05749c502fff225bf3|tss-aiplatform-internal/minio:release-20220104-e31e0721a96b|sha256:e31e0721a96b4366c3a3b2352e29a8edada826a85adef236efad6e92a887502e|18a1e6c4fec4c3e9a2df96a8177cd9d5ae9afa284a4d446b9fc693da22d25578|536870912
redis:7.4.11-alpine|sha256:ff02b58f971e7d7d156a1267e283fcbbeee91773b6aa36c49dac28ecfe28eadf|tss-aiplatform-internal/redis:7.4.11-alpine-5509c0097c60|sha256:5509c0097c6064aa8a3b1df58f1d950e67090fffa6678ae8f3f1dc2385f12deb|ad6a708532a489daeed926edea2ee344fa80245140d5252c5dfb66c7cf50d48a|134217728
ghcr.io/tssai-lab/tss-mlflow-lite:2e96544b18b700601c45e151408dd2df333a35f3|sha256:4f8705c847be86a8c3b98a39b32a857cadb1e1c6c20e9d99920d4d3ab099c9a3|tss-aiplatform-internal/mlflow-lite:2e96544b-ced0a4d72541|sha256:ced0a4d72541db8114f403087b67cc2f6d5cae546c20cb0554d7e58259cd0b36|1492df4a4c8c9199a3a467efabf13d24d6a82e13463b2cbbb6f153c7626e666b|268435456
ghcr.io/tssai-lab/tssai-backend:d7a84963b9719d34554628c11550d9c3480af9ca|sha256:92c38874e24a75005374a54de7beef5c031a1081f413457b48ddce98e2c80a15|tss-aiplatform-internal/backend:d7a84963-ea7f47c24e17|sha256:ea7f47c24e17c4642ec49aec440830b9a68e8e045ebfcdc7f2ee1ce07e63dacd|d089de37687646f7f2b96603e790c3a13da2d525a694fe096ce24f919ac31850|734003200
