# source_ref|source_manifest_digest|linux_amd64_image_id|runtime_ref|purpose|producer_run
ghcr.io/tssai-lab/tss-cv-worker:a10026590777a4c7061c5503e2ec6dbd0ad6f9ea|sha256:c319dc2ffc58119d0fa130b46eb90b8ab9b45e0e8e06683329dbbf75e69cb310|sha256:5f082c03ca0cc16c49a2d1045a88d7cd216b305802ea7f3cbda12f58a281406a|crpi-s1uie3z8n3mbqf6y.cn-shanghai.personal.cr.aliyuncs.com/tss-platform/tss-cv-worker@sha256:c319dc2ffc58119d0fa130b46eb90b8ab9b45e0e8e06683329dbbf75e69cb310|cv-training|31660768855
ghcr.io/tssai-lab/tss-inference-worker-cpu:a10026590777a4c7061c5503e2ec6dbd0ad6f9ea|sha256:52b22e5adf4b2bc14565e6371c9371590794710b7f70904bed02c982eea8529b|sha256:75b39b7ea02bb2c2380e9b2fd0f0e1217a78165b7cea933842d27fa6f6f1e4b5|docker.io/library/tss-inference-worker:local|cpu-inference|31660768855
