# source_ref|source_manifest_digest|linux_amd64_image_id|runtime_ref|purpose|producer_run
ghcr.io/tssai-lab/tss-cv-worker:a10026590777a4c7061c5503e2ec6dbd0ad6f9ea|sha256:c319dc2ffc58119d0fa130b46eb90b8ab9b45e0e8e06683329dbbf75e69cb310|sha256:5f082c03ca0cc16c49a2d1045a88d7cd216b305802ea7f3cbda12f58a281406a|crpi-s1uie3z8n3mbqf6y.cn-shanghai.personal.cr.aliyuncs.com/tss-platform/tss-cv-worker@sha256:c319dc2ffc58119d0fa130b46eb90b8ab9b45e0e8e06683329dbbf75e69cb310|cv-training|31660768855
ghcr.io/tssai-lab/tss-inference-worker-cpu:49aaa457eb15d5d51c20696a16c48e04edac699e|sha256:ad47b82b0526af78a942262d2089aa88380d431e1481ecbaff7f1afaf4fddc7f|sha256:f6a70723b831d7d302c33b7df78a32f894d976b23bb184c101a3b4efa8ea713c|docker.io/library/tss-inference-worker:local|cpu-inference|33059318757
