# Frontend is maintained on a separate branch in the same repository.
branch=frontend-dev
commit=c9413705f00b278730150fe968ab8183e1bc49e4
main_deployment_run=32024345053
node_major=20
install_command=npm_ci
build_command=npm_run_build
deployment_note=build_from_package_lock_and_do_not_copy_main_var_www
