# Frontend is maintained on a separate branch in the same repository.
branch=frontend-dev
commit=efbe8d9f14939071e84955aef70361e4cf26a618
main_deployment_run=31917382361
node_major=20
install_command=npm_ci
build_command=npm_run_build
deployment_note=build_from_package_lock_and_do_not_copy_main_var_www
