# source_ref|source_manifest_digest|linux_amd64_image_id|runtime_ref|purpose|producer_run
ghcr.io/tssai-lab/tss-cv-worker:94e38480753e835855b0a292a432cf94b57c8032|sha256:ac1b80ada945a230b2706873060cdd8b396370cf41b5f7cf47e05746361b478f|sha256:24a27bc165a96ffa171f48bccbf3e3135e51a9a66d162d1d0a251071b4e7cd23|crpi-s1uie3z8n3mbqf6y.cn-shanghai.personal.cr.aliyuncs.com/tss-platform/tss-cv-worker@sha256:ac1b80ada945a230b2706873060cdd8b396370cf41b5f7cf47e05746361b478f|cv-gpu-training|33069722294
ghcr.io/tssai-lab/tss-nlp-worker:94e38480753e835855b0a292a432cf94b57c8032|sha256:ec0a51b0cd287f77e9d885ca8ae38b436b428f553e0fe9cfa60f4ef4a1ddf174|sha256:285e99a8493048b17bdf71820182b254b629d53c4c4f1ba6db8c2f3589c05b23|crpi-s1uie3z8n3mbqf6y.cn-shanghai.personal.cr.aliyuncs.com/tss-platform/tss-nlp-worker@sha256:ec0a51b0cd287f77e9d885ca8ae38b436b428f553e0fe9cfa60f4ef4a1ddf174|nlp-gpu-training|33069722294
