# source_ref|source_manifest_digest|linux_amd64_image_id|runtime_ref|purpose|producer_run
ghcr.io/tssai-lab/tss-cv-worker:1aeea88d56edfe82e0c1ceeeb76388a3b3973ffc|sha256:26458bf1887dc57c4ca597ffc47990ff8e2134bd50a77962efb2a5c33a94ef57|sha256:972425a721c0de7dd5ad4e49ae0db3f607c5787b68adebbcce8b8f318dc441b4|crpi-s1uie3z8n3mbqf6y.cn-shanghai.personal.cr.aliyuncs.com/tss-platform/tss-cv-worker@sha256:26458bf1887dc57c4ca597ffc47990ff8e2134bd50a77962efb2a5c33a94ef57|cv-gpu-training|34625601492
ghcr.io/tssai-lab/tss-nlp-worker:1aeea88d56edfe82e0c1ceeeb76388a3b3973ffc|sha256:b2591f44adb7a10bdf30d5897ea5401301909994a2fe322eb1842b5ebafc53e4|sha256:a716bb8ab5645ce71a930c916fcc87526260375c131c88bd0d28edac3bb9eaf4|crpi-s1uie3z8n3mbqf6y.cn-shanghai.personal.cr.aliyuncs.com/tss-platform/tss-nlp-worker@sha256:b2591f44adb7a10bdf30d5897ea5401301909994a2fe322eb1842b5ebafc53e4|nlp-gpu-training|34625601492
ghcr.io/tssai-lab/tss-inference-worker-gpu:1aeea88d56edfe82e0c1ceeeb76388a3b3973ffc|sha256:7354987c572dfca03f027442cbd034483f4c915eecf1e4df139e01b35b33c114|sha256:d4c3b86ecdb11636dff53207b425050ec0f73d4723a6ca8f665cdcd2d942f12c|crpi-s1uie3z8n3mbqf6y.cn-shanghai.personal.cr.aliyuncs.com/tss-platform/tss-inference-worker-gpu@sha256:7354987c572dfca03f027442cbd034483f4c915eecf1e4df139e01b35b33c114|gpu-inference|34625601492
