# source_ref|source_manifest_digest|linux_amd64_image_id|purpose|producer_run
ghcr.io/tssai-lab/tss-training-worker:2e96544b18b700601c45e151408dd2df333a35f3|sha256:a9a3c88ebd62e1f097d61a587615807f1baec0fe54231c5c84386e1ee782d99b|sha256:d3328c62b551671b7d85906cc520a955c05239b94606e9c1147fa15ed70a8b81|generic-training-base|31918346623
ghcr.io/tssai-lab/tss-inference-worker-cpu:2e96544b18b700601c45e151408dd2df333a35f3|sha256:040ba0e240c46ded6e1b05e5ddc93ee6e3813d94244d8d0aa6dbf5598cc061df|sha256:def2748e71d3773bd0caf124328cc86038524a7a7d3ff2ea25533668f6eaa0b9|cpu-inference|31918346623
ghcr.io/tssai-lab/tss-cv-worker:2e96544b18b700601c45e151408dd2df333a35f3|sha256:b3365d1e04e1f78a3438081b3616b71efe452522713c6e434c1e895a13d71473|sha256:0afac635deb5fdcf6fe53a07a80181acfbd2d925c79c5b45a13ef5339e7301d5|cv-training|31918346623
ghcr.io/tssai-lab/tss-nlp-worker:2e96544b18b700601c45e151408dd2df333a35f3|sha256:cbfd669caf6ce70367b7eb6f0407242f4e537e8863fd26a84826ceb6ff8cc391|sha256:f6c79bba876cee703a7ab54dc569d1becf242c11db12e79933d6f7a8975ed7ed|nlp-training|31918346623
