# tss-AIplatform internal artifact lock
# Generated by resolve-artifact-lock.sh and independently verified against each registry.
manifest https://raw.githubusercontent.com/projectcalico/calico/v3.32.1/manifests/calico.yaml sha256:a1df919d9721cf667accdc3e72848911b0cb25cfab7d2478ad0c996302c95744
manifest https://raw.githubusercontent.com/NVIDIA/k8s-device-plugin/v0.17.1/deployments/static/nvidia-device-plugin.yml sha256:eb2eb24099df28bdea19e620705ea62e0a226fe287ff08e285f761efe0f30f2e
manifest https://github.com/kubernetes-sigs/metrics-server/releases/download/v0.9.0/components.yaml sha256:1cec29a5267809306a2c6ec74a3e449abbb705b4a8beed0c8a1963910f72c79b
image nvcr.io/nvidia/k8s-device-plugin:v0.17.1 sha256:af31e2b7c7f89834c4e5219860def7ac2e49a207b3d4e8610d5a26772b7738e5
image quay.io/calico/cni:v3.32.1 sha256:bb1567e3ed81e2e8414e9a68f186e1f7ffd4067a4871a9ae90896793af0190dd
image quay.io/calico/kube-controllers:v3.32.1 sha256:18008f781c869376dbbc4dfb1ffe3afb46f7897887d4f20e080c420ac44a6612
image quay.io/calico/node:v3.32.1 sha256:7f874b3f0b540c2b523aea9961ef5e2f43b0af9056a47874c916d6cf348168d3
image registry.k8s.io/coredns/coredns:v1.13.1 sha256:9b9128672209474da07c91439bf15ed704ae05ad918dd6454e5b6ae14e35fee6
image registry.k8s.io/etcd:3.6.6-0 sha256:60a30b5d81b2217555e2cfb9537f655b7ba97220b99c39ee2e162a7127225890
image registry.k8s.io/kube-apiserver:v1.35.7 sha256:ff4a56901bb9a71c450e2adfb1a439d3543a76aa4877225039330479ac596146
image registry.k8s.io/kube-controller-manager:v1.35.7 sha256:e7b2efd17ceeabf5e2ee570ee2620cdae2ab6e01ca4b6909fb2381f0cdd36ce9
image registry.k8s.io/kube-proxy:v1.35.7 sha256:9c095bdbaa0ccdfd6484e5bec68e57a1cb18908aee418603e51577286a37616e
image registry.k8s.io/kube-scheduler:v1.35.7 sha256:e3ad7e716accdcaed277e825df70b162478adc40cc0dd482046c9edb219ff3ec
image registry.k8s.io/metrics-server/metrics-server:v0.9.0 sha256:d9862115e7c7881280d3d75ca26bda8ffc0fc213315979575bf23ce9826205c0
image registry.k8s.io/pause:3.10.1 sha256:278fb9dbcca9518083ad1e11276933a2e96f23de604a3a08cc3c80002767d24c
